
Microsoft Visual Studio Solution File, Format Version 12.00
# Visual Studio Version 17
VisualStudioVersion = 17.9.34714.143
MinimumVisualStudioVersion = 10.0.40219.1
Project("{9A19103F-16F7-4668-BE54-9A1E7A4F7556}") = "Clothes.Store.Api", "Clothes.Store.Api\Clothes.Store.Api.csproj", "{4507CD6B-3340-4DB0-9598-514ECE45FF99}"
EndProject
Project("{9A19103F-16F7-4668-BE54-9A1E7A4F7556}") = "Clothes.Store.Db", "Clothes.Store.Db\Clothes.Store.Db.csproj", "{402D6590-C45D-4BDE-898F-D5B349DD2447}"
EndProject
Project("{9A19103F-16F7-4668-BE54-9A1E7A4F7556}") = "Clothes.Store.Common", "Clothes.Store.Common\Clothes.Store.Common.csproj", "{9510E733-8F94-49BE-8092-7789AEF18A5A}"
EndProject
Project("{9A19103F-16F7-4668-BE54-9A1E7A4F7556}") = "Clothes.Store.Service", "Clothes.Store.Service\Clothes.Store.Service.csproj", "{F438387B-F609-4305-B091-A584A01EDD31}"
EndProject
Project("{2150E333-8FDC-42A3-9474-1A3956D46DE8}") = "Sql.Scripts", "Sql.Scripts", "{E9D2CA60-5293-40CC-B6DD-6CED4764EC8C}"
	ProjectSection(SolutionItems) = preProject
		..\..\..\Desktop\Ebiscon\Clothes_Store_Schema_Creation.sql = ..\..\..\Desktop\Ebiscon\Clothes_Store_Schema_Creation.sql
		..\..\..\Desktop\Ebiscon\InsertProductResponseFromWebService.sql = ..\..\..\Desktop\Ebiscon\InsertProductResponseFromWebService.sql
	EndProjectSection
EndProject
Project("{2150E333-8FDC-42A3-9474-1A3956D46DE8}") = "Json.Files", "Json.Files", "{64969F5B-83E2-4143-819C-5DF48628FF9F}"
	ProjectSection(SolutionItems) = preProject
		..\..\..\Desktop\Ebiscon\sample_user (1) 1 (2).json = ..\..\..\Desktop\Ebiscon\sample_user (1) 1 (2).json
	EndProjectSection
EndProject
Global
	GlobalSection(SolutionConfigurationPlatforms) = preSolution
		Debug|Any CPU = Debug|Any CPU
		Release|Any CPU = Release|Any CPU
	EndGlobalSection
	GlobalSection(ProjectConfigurationPlatforms) = postSolution
		{4507CD6B-3340-4DB0-9598-514ECE45FF99}.Debug|Any CPU.ActiveCfg = Debug|Any CPU
		{4507CD6B-3340-4DB0-9598-514ECE45FF99}.Debug|Any CPU.Build.0 = Debug|Any CPU
		{4507CD6B-3340-4DB0-9598-514ECE45FF99}.Release|Any CPU.ActiveCfg = Release|Any CPU
		{4507CD6B-3340-4DB0-9598-514ECE45FF99}.Release|Any CPU.Build.0 = Release|Any CPU
		{402D6590-C45D-4BDE-898F-D5B349DD2447}.Debug|Any CPU.ActiveCfg = Debug|Any CPU
		{402D6590-C45D-4BDE-898F-D5B349DD2447}.Debug|Any CPU.Build.0 = Debug|Any CPU
		{402D6590-C45D-4BDE-898F-D5B349DD2447}.Release|Any CPU.ActiveCfg = Release|Any CPU
		{402D6590-C45D-4BDE-898F-D5B349DD2447}.Release|Any CPU.Build.0 = Release|Any CPU
		{9510E733-8F94-49BE-8092-7789AEF18A5A}.Debug|Any CPU.ActiveCfg = Debug|Any CPU
		{9510E733-8F94-49BE-8092-7789AEF18A5A}.Debug|Any CPU.Build.0 = Debug|Any CPU
		{9510E733-8F94-49BE-8092-7789AEF18A5A}.Release|Any CPU.ActiveCfg = Release|Any CPU
		{9510E733-8F94-49BE-8092-7789AEF18A5A}.Release|Any CPU.Build.0 = Release|Any CPU
		{F438387B-F609-4305-B091-A584A01EDD31}.Debug|Any CPU.ActiveCfg = Debug|Any CPU
		{F438387B-F609-4305-B091-A584A01EDD31}.Debug|Any CPU.Build.0 = Debug|Any CPU
		{F438387B-F609-4305-B091-A584A01EDD31}.Release|Any CPU.ActiveCfg = Release|Any CPU
		{F438387B-F609-4305-B091-A584A01EDD31}.Release|Any CPU.Build.0 = Release|Any CPU
	EndGlobalSection
	GlobalSection(SolutionProperties) = preSolution
		HideSolutionNode = FALSE
	EndGlobalSection
	GlobalSection(ExtensibilityGlobals) = postSolution
		SolutionGuid = {BF69E978-FEBC-4C8F-81D8-D25ADCF46C3B}
	EndGlobalSection
EndGlobal
